// !$*UTF8*$!
{
	archiveVersion = 1;
	classes = {
	};
	objectVersion = 46;
	objects = {

/* Begin PBXBuildFile section */
		2B46C1EB1B2D9A18002EDD1E /* AppDelegate.swift in Sources */ = {isa = PBXBuildFile; fileRef = 2B46C1EA1B2D9A18002EDD1E /* AppDelegate.swift */; };
		2B46C1ED1B2D9A18002EDD1E /* ViewController.swift in Sources */ = {isa = PBXBuildFile; fileRef = 2B46C1EC1B2D9A18002EDD1E /* ViewController.swift */; };
		2B46C1F01B2D9A18002EDD1E /* Main.storyboard in Resources */ = {isa = PBXBuildFile; fileRef = 2B46C1EE1B2D9A18002EDD1E /* Main.storyboard */; };
		2B46C1F21B2D9A18002EDD1E /* Images.xcassets in Resources */ = {isa = PBXBuildFile; fileRef = 2B46C1F11B2D9A18002EDD1E /* Images.xcassets */; };
		2B46C1F51B2D9A18002EDD1E /* LaunchScreen.xib in Resources */ = {isa = PBXBuildFile; fileRef = 2B46C1F31B2D9A18002EDD1E /* LaunchScreen.xib */; };
		2B46C2011B2D9A18002EDD1E /* PitchPerfectTests.swift in Sources */ = {isa = PBXBuildFile; fileRef = 2B46C2001B2D9A18002EDD1E /* PitchPerfectTests.swift */; };
/* End PBXBuildFile section */

/* Begin PBXContainerItemProxy section */
		2B46C1FB1B2D9A18002EDD1E /* PBXContainerItemProxy */ = {
			isa = PBXContainerItemProxy;
			containerPortal = 2B46C1DD1B2D9A18002EDD1E /* Project object */;
			proxyType = 1;
			remoteGlobalIDString = 2B46C1E41B2D9A18002EDD1E;
			remoteInfo = PitchPerfect;
		};
/* End PBXContainerItemProxy section */

/* Begin PBXFileReference section */
		2B46C1E51B2D9A18002EDD1E /* PitchPerfect.app */ = {isa = PBXFileReference; explicitFileType = wrapper.application; includeInIndex = 0; path = PitchPerfect.app; sourceTree = BUILT_PRODUCTS_DIR; };
		2B46C1E91B2D9A18002EDD1E /* Info.plist */ = {isa = PBXFileReference; lastKnownFileType = text.plist.xml; path = Info.plist; sourceTree = "<group>"; };
		2B46C1EA1B2D9A18002EDD1E /* AppDelegate.swift */ = {isa = PBXFileReference; lastKnownFileType = sourcecode.swift; path = AppDelegate.swift; sourceTree = "<group>"; };
		2B46C1EC1B2D9A18002EDD1E /* ViewController.swift */ = {isa = PBXFileReference; lastKnownFileType = sourcecode.swift; path = ViewController.swift; sourceTree = "<group>"; };
		2B46C1EF1B2D9A18002EDD1E /* Base */ = {isa = PBXFileReference; lastKnownFileType = file.storyboard; name = Base; path = Base.lproj/Main.storyboard; sourceTree = "<group>"; };
		2B46C1F11B2D9A18002EDD1E /* Images.xcassets */ = {isa = PBXFileReference; lastKnownFileType = folder.assetcatalog; path = Images.xcassets; sourceTree = "<group>"; };
		2B46C1F41B2D9A18002EDD1E /* Base */ = {isa = PBXFileReference; lastKnownFileType = file.xib; name = Base; path = Base.lproj/LaunchScreen.xib; sourceTree = "<group>"; };
		2B46C1FA1B2D9A18002EDD1E /* PitchPerfectTests.xctest */ = {isa = PBXFileReference; explicitFileType = wrapper.cfbundle; includeInIndex = 0; path = PitchPerfectTests.xctest; sourceTree = BUILT_PRODUCTS_DIR; };
		2B46C1FF1B2D9A18002EDD1E /* Info.plist */ = {isa = PBXFileReference; lastKnownFileType = text.plist.xml; path = Info.plist; sourceTree = "<group>"; };
		2B46C2001B2D9A18002EDD1E /* PitchPerfectTests.swift */ = {isa = PBXFileReference; lastKnownFileType = sourcecode.swift; path = PitchPerfectTests.swift; sourceTree = "<group>"; };
/* End PBXFileReference section */

/* Begin PBXFrameworksBuildPhase section */
		2B46C1E21B2D9A18002EDD1E /* Frameworks */ = {
			isa = PBXFrameworksBuildPhase;
			buildActionMask = 2147483647;
			files = (
			);
			runOnlyForDeploymentPostprocessing = 0;
		};
		2B46C1F71B2D9A18002EDD1E /* Frameworks */ = {
			isa = PBXFrameworksBuildPhase;
			buildActionMask = 2147483647;
			files = (
			);
			runOnlyForDeploymentPostprocessing = 0;
		};
/* End PBXFrameworksBuildPhase section */

/* Begin PBXGroup section */
		2B46C1DC1B2D9A18002EDD1E = {
			isa = PBXGroup;
			children = (
				2B46C1E71B2D9A18002EDD1E /* PitchPerfect */,
				2B46C1FD1B2D9A18002EDD1E /* PitchPerfectTests */,
				2B46C1E61B2D9A18002EDD1E /* Products */,
			);
			sourceTree = "<group>";
		};
		2B46C1E61B2D9A18002EDD1E /* Products */ = {
			isa = PBXGroup;
			children = (
				2B46C1E51B2D9A18002EDD1E /* PitchPerfect.app */,
				2B46C1FA1B2D9A18002EDD1E /* PitchPerfectTests.xctest */,
			);
			name = Products;
			sourceTree = "<group>";
		};
		2B46C1E71B2D9A18002EDD1E /* PitchPerfect */ = {
			isa = PBXGroup;
			children = (
				2B46C1EA1B2D9A18002EDD1E /* AppDelegate.swift */,
				2B46C1EC1B2D9A18002EDD1E /* ViewController.swift */,
				2B46C1EE1B2D9A18002EDD1E /* Main.storyboard */,
				2B46C1F11B2D9A18002EDD1E /* Images.xcassets */,
				2B46C1F31B2D9A18002EDD1E /* LaunchScreen.xib */,
				2B46C1E81B2D9A18002EDD1E /* Supporting Files */,
			);
			path = PitchPerfect;
			sourceTree = "<group>";
		};
		2B46C1E81B2D9A18002EDD1E /* Supporting Files */ = {
			isa = PBXGroup;
			children = (
				2B46C1E91B2D9A18002EDD1E /* Info.plist */,
			);
			name = "Supporting Files";
			sourceTree = "<group>";
		};
		2B46C1FD1B2D9A18002EDD1E /* PitchPerfectTests */ = {
			isa = PBXGroup;
			children = (
				2B46C2001B2D9A18002EDD1E /* PitchPerfectTests.swift */,
				2B46C1FE1B2D9A18002EDD1E /* Supporting Files */,
			);
			path = PitchPerfectTests;
			sourceTree = "<group>";
		};
		2B46C1FE1B2D9A18002EDD1E /* Supporting Files */ = {
			isa = PBXGroup;
			children = (
				2B46C1FF1B2D9A18002EDD1E /* Info.plist */,
			);
			name = "Supporting Files";
			sourceTree = "<group>";
		};
/* End PBXGroup section */

/* Begin PBXNativeTarget section */
		2B46C1E41B2D9A18002EDD1E /* PitchPerfect */ = {
			isa = PBXNativeTarget;
			buildConfigurationList = 2B46C2041B2D9A18002EDD1E /* Build configuration list for PBXNativeTarget "PitchPerfect" */;
			buildPhases = (
				2B46C1E11B2D9A18002EDD1E /* Sources */,
				2B46C1E21B2D9A18002EDD1E /* Frameworks */,
				2B46C1E31B2D9A18002EDD1E /* Resources */,
			);
			buildRules = (
			);
			dependencies = (
			);
			name = PitchPerfect;
			productName = PitchPerfect;
			productReference = 2B46C1E51B2D9A18002EDD1E /* PitchPerfect.app */;
			productType = "com.apple.product-type.application";
		};
		2B46C1F91B2D9A18002EDD1E /* PitchPerfectTests */ = {
			isa = PBXNativeTarget;
			buildConfigurationList = 2B46C2071B2D9A18002EDD1E /* Build configuration list for PBXNativeTarget "PitchPerfectTests" */;
			buildPhases = (
				2B46C1F61B2D9A18002EDD1E /* Sources */,
				2B46C1F71B2D9A18002EDD1E /* Frameworks */,
				2B46C1F81B2D9A18002EDD1E /* Resources */,
			);
			buildRules = (
			);
			dependencies = (
				2B46C1FC1B2D9A18002EDD1E /* PBXTargetDependency */,
			);
			name = PitchPerfectTests;
			productName = PitchPerfectTests;
			productReference = 2B46C1FA1B2D9A18002EDD1E /* PitchPerfectTests.xctest */;
			productType = "com.apple.product-type.bundle.unit-test";
		};
/* End PBXNativeTarget section */

/* Begin PBXProject section */
		2B46C1DD1B2D9A18002EDD1E /* Project object */ = {
			isa = PBXProject;
			attributes = {
				LastUpgradeCheck = 0630;
				ORGANIZATIONNAME = "Sascha A. Carlin";
				TargetAttributes = {
					2B46C1E41B2D9A18002EDD1E = {
						CreatedOnToolsVersion = 6.3.2;
					};
					2B46C1F91B2D9A18002EDD1E = {
						CreatedOnToolsVersion = 6.3.2;
						TestTargetID = 2B46C1E41B2D9A18002EDD1E;
					};
				};
			};
			buildConfigurationList = 2B46C1E01B2D9A18002EDD1E /* Build configuration list for PBXProject "PitchPerfect" */;
			compatibilityVersion = "Xcode 3.2";
			developmentRegion = English;
			hasScannedForEncodings = 0;
			knownRegions = (
				en,
				Base,
			);
			mainGroup = 2B46C1DC1B2D9A18002EDD1E;
			productRefGroup = 2B46C1E61B2D9A18002EDD1E /* Products */;
			projectDirPath = "";
			projectRoot = "";
			targets = (
				2B46C1E41B2D9A18002EDD1E /* PitchPerfect */,
				2B46C1F91B2D9A18002EDD1E /* PitchPerfectTests */,
			);
		};
/* End PBXProject section */

/* Begin PBXResourcesBuildPhase section */
		2B46C1E31B2D9A18002EDD1E /* Resources */ = {
			isa = PBXResourcesBuildPhase;
			buildActionMask = 2147483647;
			files = (
				2B46C1F01B2D9A18002EDD1E /* Main.storyboard in Resources */,
				2B46C1F51B2D9A18002EDD1E /* LaunchScreen.xib in Resources */,
				2B46C1F21B2D9A18002EDD1E /* Images.xcassets in Resources */,
			);
			runOnlyForDeploymentPostprocessing = 0;
		};
		2B46C1F81B2D9A18002EDD1E /* Resources */ = {
			isa = PBXResourcesBuildPhase;
			buildActionMask = 2147483647;
			files = (
			);
			runOnlyForDeploymentPostprocessing = 0;
		};
/* End PBXResourcesBuildPhase section */

/* Begin PBXSourcesBuildPhase section */
		2B46C1E11B2D9A18002EDD1E /* Sources */ = {
			isa = PBXSourcesBuildPhase;
			buildActionMask = 2147483647;
			files = (
				2B46C1ED1B2D9A18002EDD1E /* ViewController.swift in Sources */,
				2B46C1EB1B2D9A18002EDD1E /* AppDelegate.swift in Sources */,
			);
			runOnlyForDeploymentPostprocessing = 0;
		};
		2B46C1F61B2D9A18002EDD1E /* Sources */ = {
			isa = PBXSourcesBuildPhase;
			buildActionMask = 2147483647;
			files = (
				2B46C2011B2D9A18002EDD1E /* PitchPerfectTests.swift in Sources */,
			);
			runOnlyForDeploymentPostprocessing = 0;
		};
/* End PBXSourcesBuildPhase section */

/* Begin PBXTargetDependency section */
		2B46C1FC1B2D9A18002EDD1E /* PBXTargetDependency */ = {
			isa = PBXTargetDependency;
			target = 2B46C1E41B2D9A18002EDD1E /* PitchPerfect */;
			targetProxy = 2B46C1FB1B2D9A18002EDD1E /* PBXContainerItemProxy */;
		};
/* End PBXTargetDependency section */

/* Begin PBXVariantGroup section */
		2B46C1EE1B2D9A18002EDD1E /* Main.storyboard */ = {
			isa = PBXVariantGroup;
			children = (
				2B46C1EF1B2D9A18002EDD1E /* Base */,
			);
			name = Main.storyboard;
			sourceTree = "<group>";
		};
		2B46C1F31B2D9A18002EDD1E /* LaunchScreen.xib */ = {
			isa = PBXVariantGroup;
			children = (
				2B46C1F41B2D9A18002EDD1E /* Base */,
			);
			name = LaunchScreen.xib;
			sourceTree = "<group>";
		};
/* End PBXVariantGroup section */

/* Begin XCBuildConfiguration section */
		2B46C2021B2D9A18002EDD1E /* Debug */ = {
			isa = XCBuildConfiguration;
			buildSettings = {
				ALWAYS_SEARCH_USER_PATHS = NO;
				CLANG_CXX_LANGUAGE_STANDARD = "gnu++0x";
				CLANG_CXX_LIBRARY = "libc++";
				CLANG_ENABLE_MODULES = YES;
				CLANG_ENABLE_OBJC_ARC = YES;
				CLANG_WARN_BOOL_CONVERSION = YES;
				CLANG_WARN_CONSTANT_CONVERSION = YES;
				CLANG_WARN_DIRECT_OBJC_ISA_USAGE = YES_ERROR;
				CLANG_WARN_EMPTY_BODY = YES;
				CLANG_WARN_ENUM_CONVERSION = YES;
				CLANG_WARN_INT_CONVERSION = YES;
				CLANG_WARN_OBJC_ROOT_CLASS = YES_ERROR;
				CLANG_WARN_UNREACHABLE_CODE = YES;
				CLANG_WARN__DUPLICATE_METHOD_MATCH = YES;
				"CODE_SIGN_IDENTITY[sdk=iphoneos*]" = "iPhone Developer";
				COPY_PHASE_STRIP = NO;
				DEBUG_INFORMATION_FORMAT = "dwarf-with-dsym";
				ENABLE_STRICT_OBJC_MSGSEND = YES;
				GCC_C_LANGUAGE_STANDARD = gnu99;
				GCC_DYNAMIC_NO_PIC = NO;
				GCC_NO_COMMON_BLOCKS = YES;
				GCC_OPTIMIZATION_LEVEL = 0;
				GCC_PREPROCESSOR_DEFINITIONS = (
					"DEBUG=1",
					"$(inherited)",
				);
				GCC_SYMBOLS_PRIVATE_EXTERN = NO;
				GCC_WARN_64_TO_32_BIT_CONVERSION = YES;
				GCC_WARN_ABOUT_RETURN_TYPE = YES_ERROR;
				GCC_WARN_UNDECLARED_SELECTOR = YES;
				GCC_WARN_UNINITIALIZED_AUTOS = YES_AGGRESSIVE;
				GCC_WARN_UNUSED_FUNCTION = YES;
				GCC_WARN_UNUSED_VARIABLE = YES;
				IPHONEOS_DEPLOYMENT_TARGET = 8.3;
				MTL_ENABLE_DEBUG_INFO = YES;
				ONLY_ACTIVE_ARCH = YES;
				SDKROOT = iphoneos;
				SWIFT_OPTIMIZATION_LEVEL = "-Onone";
			};
			name = Debug;
		};
		2B46C2031B2D9A18002EDD1E /* Release */ = {
			isa = XCBuildConfiguration;
			buildSettings = {
				ALWAYS_SEARCH_USER_PATHS = NO;
				CLANG_CXX_LANGUAGE_STANDARD = "gnu++0x";
				CLANG_CXX_LIBRARY = "libc++";
				CLANG_ENABLE_MODULES = YES;
				CLANG_ENABLE_OBJC_ARC = YES;
				CLANG_WARN_BOOL_CONVERSION = YES;
				CLANG_WARN_CONSTANT_CONVERSION = YES;
				CLANG_WARN_DIRECT_OBJC_ISA_USAGE = YES_ERROR;
				CLANG_WARN_EMPTY_BODY = YES;
				CLANG_WARN_ENUM_CONVERSION = YES;
				CLANG_WARN_INT_CONVERSION = YES;
				CLANG_WARN_OBJC_ROOT_CLASS = YES_ERROR;
				CLANG_WARN_UNREACHABLE_CODE = YES;
				CLANG_WARN__DUPLICATE_METHOD_MATCH = YES;
				"CODE_SIGN_IDENTITY[sdk=iphoneos*]" = "iPhone Developer";
				COPY_PHASE_STRIP = NO;
				DEBUG_INFORMATION_FORMAT = "dwarf-with-dsym";
				ENABLE_NS_ASSERTIONS = NO;
				ENABLE_STRICT_OBJC_MSGSEND = YES;
				GCC_C_LANGUAGE_STANDARD = gnu99;
				GCC_NO_COMMON_BLOCKS = YES;
				GCC_WARN_64_TO_32_BIT_CONVERSION = YES;
				GCC_WARN_ABOUT_RETURN_TYPE = YES_ERROR;
				GCC_WARN_UNDECLARED_SELECTOR = YES;
				GCC_WARN_UNINITIALIZED_AUTOS = YES_AGGRESSIVE;
				GCC_WARN_UNUSED_FUNCTION = YES;
				GCC_WARN_UNUSED_VARIABLE = YES;
				IPHONEOS_DEPLOYMENT_TARGET = 8.3;
				MTL_ENABLE_DEBUG_INFO = NO;
				SDKROOT = iphoneos;
				VALIDATE_PRODUCT = YES;
			};
			name = Release;
		};
		2B46C2051B2D9A18002EDD1E /* Debug */ = {
			isa = XCBuildConfiguration;
			buildSettings = {
				ASSETCATALOG_COMPILER_APPICON_NAME = AppIcon;
				INFOPLIST_FILE = PitchPerfect/Info.plist;
				LD_RUNPATH_SEARCH_PATHS = "$(inherited) @executable_path/Frameworks";
				PRODUCT_NAME = "$(TARGET_NAME)";
			};
			name = Debug;
		};
		2B46C2061B2D9A18002EDD1E /* Release */ = {
			isa = XCBuildConfiguration;
			buildSettings = {
				ASSETCATALOG_COMPILER_APPICON_NAME = AppIcon;
				INFOPLIST_FILE = PitchPerfect/Info.plist;
				LD_RUNPATH_SEARCH_PATHS = "$(inherited) @executable_path/Frameworks";
				PRODUCT_NAME = "$(TARGET_NAME)";
			};
			name = Release;
		};
		2B46C2081B2D9A18002EDD1E /* Debug */ = {
			isa = XCBuildConfiguration;
			buildSettings = {
				BUNDLE_LOADER = "$(TEST_HOST)";
				FRAMEWORK_SEARCH_PATHS = (
					"$(SDKROOT)/Developer/Library/Frameworks",
					"$(inherited)",
				);
				GCC_PREPROCESSOR_DEFINITIONS = (
					"DEBUG=1",
					"$(inherited)",
				);
				INFOPLIST_FILE = PitchPerfectTests/Info.plist;
				LD_RUNPATH_SEARCH_PATHS = "$(inherited) @executable_path/Frameworks @loader_path/Frameworks";
				PRODUCT_NAME = "$(TARGET_NAME)";
				TEST_HOST = "$(BUILT_PRODUCTS_DIR)/PitchPerfect.app/PitchPerfect";
			};
			name = Debug;
		};
		2B46C2091B2D9A18002EDD1E /* Release */ = {
			isa = XCBuildConfiguration;
			buildSettings = {
				BUNDLE_LOADER = "$(TEST_HOST)";
				FRAMEWORK_SEARCH_PATHS = (
					"$(SDKROOT)/Developer/Library/Frameworks",
					"$(inherited)",
				);
				INFOPLIST_FILE = PitchPerfectTests/Info.plist;
				LD_RUNPATH_SEARCH_PATHS = "$(inherited) @executable_path/Frameworks @loader_path/Frameworks";
				PRODUCT_NAME = "$(TARGET_NAME)";
				TEST_HOST = "$(BUILT_PRODUCTS_DIR)/PitchPerfect.app/PitchPerfect";
			};
			name = Release;
		};
/* End XCBuildConfiguration section */

/* Begin XCConfigurationList section */
		2B46C1E01B2D9A18002EDD1E /* Build configuration list for PBXProject "PitchPerfect" */ = {
			isa = XCConfigurationList;
			buildConfigurations = (
				2B46C2021B2D9A18002EDD1E /* Debug */,
				2B46C2031B2D9A18002EDD1E /* Release */,
			);
			defaultConfigurationIsVisible = 0;
			defaultConfigurationName = Release;
		};
		2B46C2041B2D9A18002EDD1E /* Build configuration list for PBXNativeTarget "PitchPerfect" */ = {
			isa = XCConfigurationList;
			buildConfigurations = (
				2B46C2051B2D9A18002EDD1E /* Debug */,
				2B46C2061B2D9A18002EDD1E /* Release */,
			);
			defaultConfigurationIsVisible = 0;
		};
		2B46C2071B2D9A18002EDD1E /* Build configuration list for PBXNativeTarget "PitchPerfectTests" */ = {
			isa = XCConfigurationList;
			buildConfigurations = (
				2B46C2081B2D9A18002EDD1E /* Debug */,
				2B46C2091B2D9A18002EDD1E /* Release */,
			);
			defaultConfigurationIsVisible = 0;
		};
/* End XCConfigurationList section */
	};
	rootObject = 2B46C1DD1B2D9A18002EDD1E /* Project object */;
}
